Microsoft Visual Studio Solution File, Format Version 11.00
# Visual Studio 2008

Project("{5A41C8AE-187F-056C-931D-3C46120E3008}") = "NumbaMan 3", "Assembly-CSharp.csproj", "{12A02844-135F-81C9-D15D-6F710C11049D}"
EndProject
Global
	GlobalSection(SolutionConfigurationPlatforms) = preSolution
		Debug|Any CPU = Debug|Any CPU
		Release|Any CPU = Release|Any CPU
	EndGlobalSection
	GlobalSection(ProjectConfigurationPlatforms) = postSolution
		{12A02844-135F-81C9-D15D-6F710C11049D}.Debug|Any CPU.ActiveCfg = Debug|Any CPU
		{12A02844-135F-81C9-D15D-6F710C11049D}.Debug|Any CPU.Build.0 = Debug|Any CPU
		{12A02844-135F-81C9-D15D-6F710C11049D}.Release|Any CPU.ActiveCfg = Release|Any CPU
		{12A02844-135F-81C9-D15D-6F710C11049D}.Release|Any CPU.Build.0 = Release|Any CPU
	EndGlobalSection
	GlobalSection(SolutionProperties) = preSolution
		HideSolutionNode = FALSE
	EndGlobalSection
	GlobalSection(MonoDevelopProperties) = preSolution
		StartupItem = Assembly-CSharp.csproj
	EndGlobalSection
EndGlobal
